
Microsoft Visual Studio Solution File, Format Version 12.00
# Visual Studio 15
VisualStudioVersion = 15.0.27130.2036
MinimumVisualStudioVersion = 10.0.40219.1
Project("{FAE04EC0-301F-11D3-BF4B-00C04F79EFBC}") = "Hexapi.Remote", "Hexapi.Remote\Hexapi.Remote.csproj", "{5E7BD2C0-09D6-4D68-B65D-89902A32966B}"
EndProject
Project("{9A19103F-16F7-4668-BE54-9A1E7A4F7556}") = "Hexapi.Shared", "Hexapi.Shared\Hexapi.Shared.csproj", "{E5D377FE-9766-4CDD-995C-1492FD46F180}"
EndProject
Project("{FAE04EC0-301F-11D3-BF4B-00C04F79EFBC}") = "Hardware.Xbox", "Hardware.Xbox\Hardware.Xbox.csproj", "{81DED141-B2CD-4D21-AA5C-788C7534E2FA}"
EndProject
Global
	GlobalSection(SolutionConfigurationPlatforms) = preSolution
		Debug|Any CPU = Debug|Any CPU
		Debug|ARM = Debug|ARM
		Debug|x64 = Debug|x64
		Debug|x86 = Debug|x86
		Release|Any CPU = Release|Any CPU
		Release|ARM = Release|ARM
		Release|x64 = Release|x64
		Release|x86 = Release|x86
	EndGlobalSection
	GlobalSection(ProjectConfigurationPlatforms) = postSolution
		{5E7BD2C0-09D6-4D68-B65D-89902A32966B}.Debug|Any CPU.ActiveCfg = Debug|x86
		{5E7BD2C0-09D6-4D68-B65D-89902A32966B}.Debug|ARM.ActiveCfg = Debug|x64
		{5E7BD2C0-09D6-4D68-B65D-89902A32966B}.Debug|ARM.Build.0 = Debug|x64
		{5E7BD2C0-09D6-4D68-B65D-89902A32966B}.Debug|ARM.Deploy.0 = Debug|x64
		{5E7BD2C0-09D6-4D68-B65D-89902A32966B}.Debug|x64.ActiveCfg = Debug|x64
		{5E7BD2C0-09D6-4D68-B65D-89902A32966B}.Debug|x64.Build.0 = Debug|x64
		{5E7BD2C0-09D6-4D68-B65D-89902A32966B}.Debug|x64.Deploy.0 = Debug|x64
		{5E7BD2C0-09D6-4D68-B65D-89902A32966B}.Debug|x86.ActiveCfg = Debug|x86
		{5E7BD2C0-09D6-4D68-B65D-89902A32966B}.Debug|x86.Build.0 = Debug|x86
		{5E7BD2C0-09D6-4D68-B65D-89902A32966B}.Debug|x86.Deploy.0 = Debug|x86
		{5E7BD2C0-09D6-4D68-B65D-89902A32966B}.Release|Any CPU.ActiveCfg = Release|x86
		{5E7BD2C0-09D6-4D68-B65D-89902A32966B}.Release|ARM.ActiveCfg = Release|ARM
		{5E7BD2C0-09D6-4D68-B65D-89902A32966B}.Release|ARM.Build.0 = Release|ARM
		{5E7BD2C0-09D6-4D68-B65D-89902A32966B}.Release|ARM.Deploy.0 = Release|ARM
		{5E7BD2C0-09D6-4D68-B65D-89902A32966B}.Release|x64.ActiveCfg = Release|x64
		{5E7BD2C0-09D6-4D68-B65D-89902A32966B}.Release|x64.Build.0 = Release|x64
		{5E7BD2C0-09D6-4D68-B65D-89902A32966B}.Release|x64.Deploy.0 = Release|x64
		{5E7BD2C0-09D6-4D68-B65D-89902A32966B}.Release|x86.ActiveCfg = Release|x86
		{5E7BD2C0-09D6-4D68-B65D-89902A32966B}.Release|x86.Build.0 = Release|x86
		{5E7BD2C0-09D6-4D68-B65D-89902A32966B}.Release|x86.Deploy.0 = Release|x86
		{E5D377FE-9766-4CDD-995C-1492FD46F180}.Debug|Any CPU.ActiveCfg = Debug|Any CPU
		{E5D377FE-9766-4CDD-995C-1492FD46F180}.Debug|Any CPU.Build.0 = Debug|Any CPU
		{E5D377FE-9766-4CDD-995C-1492FD46F180}.Debug|ARM.ActiveCfg = Debug|x64
		{E5D377FE-9766-4CDD-995C-1492FD46F180}.Debug|ARM.Build.0 = Debug|x64
		{E5D377FE-9766-4CDD-995C-1492FD46F180}.Debug|x64.ActiveCfg = Debug|x64
		{E5D377FE-9766-4CDD-995C-1492FD46F180}.Debug|x64.Build.0 = Debug|x64
		{E5D377FE-9766-4CDD-995C-1492FD46F180}.Debug|x86.ActiveCfg = Debug|Any CPU
		{E5D377FE-9766-4CDD-995C-1492FD46F180}.Debug|x86.Build.0 = Debug|Any CPU
		{E5D377FE-9766-4CDD-995C-1492FD46F180}.Release|Any CPU.ActiveCfg = Release|Any CPU
		{E5D377FE-9766-4CDD-995C-1492FD46F180}.Release|Any CPU.Build.0 = Release|Any CPU
		{E5D377FE-9766-4CDD-995C-1492FD46F180}.Release|ARM.ActiveCfg = Release|Any CPU
		{E5D377FE-9766-4CDD-995C-1492FD46F180}.Release|ARM.Build.0 = Release|Any CPU
		{E5D377FE-9766-4CDD-995C-1492FD46F180}.Release|x64.ActiveCfg = Release|x64
		{E5D377FE-9766-4CDD-995C-1492FD46F180}.Release|x64.Build.0 = Release|x64
		{E5D377FE-9766-4CDD-995C-1492FD46F180}.Release|x86.ActiveCfg = Release|Any CPU
		{E5D377FE-9766-4CDD-995C-1492FD46F180}.Release|x86.Build.0 = Release|Any CPU
		{81DED141-B2CD-4D21-AA5C-788C7534E2FA}.Debug|Any CPU.ActiveCfg = Debug|Any CPU
		{81DED141-B2CD-4D21-AA5C-788C7534E2FA}.Debug|Any CPU.Build.0 = Debug|Any CPU
		{81DED141-B2CD-4D21-AA5C-788C7534E2FA}.Debug|ARM.ActiveCfg = Debug|ARM
		{81DED141-B2CD-4D21-AA5C-788C7534E2FA}.Debug|ARM.Build.0 = Debug|ARM
		{81DED141-B2CD-4D21-AA5C-788C7534E2FA}.Debug|x64.ActiveCfg = Debug|x64
		{81DED141-B2CD-4D21-AA5C-788C7534E2FA}.Debug|x64.Build.0 = Debug|x64
		{81DED141-B2CD-4D21-AA5C-788C7534E2FA}.Debug|x86.ActiveCfg = Debug|x86
		{81DED141-B2CD-4D21-AA5C-788C7534E2FA}.Debug|x86.Build.0 = Debug|x86
		{81DED141-B2CD-4D21-AA5C-788C7534E2FA}.Release|Any CPU.ActiveCfg = Release|Any CPU
		{81DED141-B2CD-4D21-AA5C-788C7534E2FA}.Release|Any CPU.Build.0 = Release|Any CPU
		{81DED141-B2CD-4D21-AA5C-788C7534E2FA}.Release|ARM.ActiveCfg = Release|ARM
		{81DED141-B2CD-4D21-AA5C-788C7534E2FA}.Release|ARM.Build.0 = Release|ARM
		{81DED141-B2CD-4D21-AA5C-788C7534E2FA}.Release|x64.ActiveCfg = Release|x64
		{81DED141-B2CD-4D21-AA5C-788C7534E2FA}.Release|x64.Build.0 = Release|x64
		{81DED141-B2CD-4D21-AA5C-788C7534E2FA}.Release|x86.ActiveCfg = Release|x86
		{81DED141-B2CD-4D21-AA5C-788C7534E2FA}.Release|x86.Build.0 = Release|x86
	EndGlobalSection
	GlobalSection(SolutionProperties) = preSolution
		HideSolutionNode = FALSE
	EndGlobalSection
	GlobalSection(ExtensibilityGlobals) = postSolution
		SolutionGuid = {8F9717F4-EA4C-4730-B95B-BA3839500C30}
	EndGlobalSection
EndGlobal
